
Microsoft Visual Studio Solution File, Format Version 12.00
# Visual Studio Version 17
VisualStudioVersion = 17.3.32825.248
MinimumVisualStudioVersion = 10.0.40219.1
Project("{FAE04EC0-301F-11D3-BF4B-00C04F79EFBC}") = "SocialNetwork", "SocialNetwork\SocialNetwork.csproj", "{04D2F870-E1D4-48E5-AE2B-613B2D97EFFE}"
EndProject
Global
	GlobalSection(SolutionConfigurationPlatforms) = preSolution
		Debug|Any CPU = Debug|Any CPU
		Release|Any CPU = Release|Any CPU
	EndGlobalSection
	GlobalSection(ProjectConfigurationPlatforms) = postSolution
		{04D2F870-E1D4-48E5-AE2B-613B2D97EFFE}.Debug|Any CPU.ActiveCfg = Debug|Any CPU
		{04D2F870-E1D4-48E5-AE2B-613B2D97EFFE}.Debug|Any CPU.Build.0 = Debug|Any CPU
		{04D2F870-E1D4-48E5-AE2B-613B2D97EFFE}.Release|Any CPU.ActiveCfg = Release|Any CPU
		{04D2F870-E1D4-48E5-AE2B-613B2D97EFFE}.Release|Any CPU.Build.0 = Release|Any CPU
	EndGlobalSection
	GlobalSection(SolutionProperties) = preSolution
		HideSolutionNode = FALSE
	EndGlobalSection
	GlobalSection(ExtensibilityGlobals) = postSolution
		SolutionGuid = {35519838-EE23-4EDE-8205-6CDDA50D69FA}
	EndGlobalSection
EndGlobal
